
Microsoft Visual Studio Solution File, Format Version 12.00
# Visual Studio Version 17
VisualStudioVersion = 17.5.33516.290
MinimumVisualStudioVersion = 10.0.40219.1
Project("{FAE04EC0-301F-11D3-BF4B-00C04F79EFBC}") = "TestEB", "TestEB\TestEB.csproj", "{9889D3E5-1AD1-4420-AC91-070C8DB7DD45}"
EndProject
Global
	GlobalSection(SolutionConfigurationPlatforms) = preSolution
		Debug|Any CPU = Debug|Any CPU
		Release|Any CPU = Release|Any CPU
	EndGlobalSection
	GlobalSection(ProjectConfigurationPlatforms) = postSolution
		{9889D3E5-1AD1-4420-AC91-070C8DB7DD45}.Debug|Any CPU.ActiveCfg = Debug|Any CPU
		{9889D3E5-1AD1-4420-AC91-070C8DB7DD45}.Debug|Any CPU.Build.0 = Debug|Any CPU
		{9889D3E5-1AD1-4420-AC91-070C8DB7DD45}.Release|Any CPU.ActiveCfg = Release|Any CPU
		{9889D3E5-1AD1-4420-AC91-070C8DB7DD45}.Release|Any CPU.Build.0 = Release|Any CPU
	EndGlobalSection
	GlobalSection(SolutionProperties) = preSolution
		HideSolutionNode = FALSE
	EndGlobalSection
	GlobalSection(ExtensibilityGlobals) = postSolution
		SolutionGuid = {36D1EC03-8804-42FD-82D3-C124F4FBF88D}
	EndGlobalSection
EndGlobal
